
Microsoft Visual Studio Solution File, Format Version 12.00
# Visual Studio Version 16
VisualStudioVersion = 16.0.33130.400
MinimumVisualStudioVersion = 10.0.40219.1
Project("{FAE04EC0-301F-11D3-BF4B-00C04F79EFBC}") = "практика_1_задание_2", "практика_1_задание_2.csproj", "{106231BB-999E-4C0D-8F0E-BD054D274F30}"
EndProject
Global
	GlobalSection(SolutionConfigurationPlatforms) = preSolution
		Debug|Any CPU = Debug|Any CPU
		Release|Any CPU = Release|Any CPU
	EndGlobalSection
	GlobalSection(ProjectConfigurationPlatforms) = postSolution
		{106231BB-999E-4C0D-8F0E-BD054D274F30}.Debug|Any CPU.ActiveCfg = Debug|Any CPU
		{106231BB-999E-4C0D-8F0E-BD054D274F30}.Debug|Any CPU.Build.0 = Debug|Any CPU
		{106231BB-999E-4C0D-8F0E-BD054D274F30}.Release|Any CPU.ActiveCfg = Release|Any CPU
		{106231BB-999E-4C0D-8F0E-BD054D274F30}.Release|Any CPU.Build.0 = Release|Any CPU
	EndGlobalSection
	GlobalSection(SolutionProperties) = preSolution
		HideSolutionNode = FALSE
	EndGlobalSection
	GlobalSection(ExtensibilityGlobals) = postSolution
		SolutionGuid = {BE5738C3-837C-4007-BA98-78BC9ECB6F5E}
	EndGlobalSection
EndGlobal
